
Microsoft Visual Studio Solution File, Format Version 12.00
# Visual Studio Version 16
VisualStudioVersion = 16.0.31321.278
MinimumVisualStudioVersion = 10.0.40219.1
Project("{FAE04EC0-301F-11D3-BF4B-00C04F79EFBC}") = "FactoryPatternExercise2", "FactoryPatternExercise2\FactoryPatternExercise2.csproj", "{C7633DF3-B5C8-4EFC-8DB0-45ACE96FBB45}"
EndProject
Global
	GlobalSection(SolutionConfigurationPlatforms) = preSolution
		Debug|Any CPU = Debug|Any CPU
		Release|Any CPU = Release|Any CPU
	EndGlobalSection
	GlobalSection(ProjectConfigurationPlatforms) = postSolution
		{C7633DF3-B5C8-4EFC-8DB0-45ACE96FBB45}.Debug|Any CPU.ActiveCfg = Debug|Any CPU
		{C7633DF3-B5C8-4EFC-8DB0-45ACE96FBB45}.Debug|Any CPU.Build.0 = Debug|Any CPU
		{C7633DF3-B5C8-4EFC-8DB0-45ACE96FBB45}.Release|Any CPU.ActiveCfg = Release|Any CPU
		{C7633DF3-B5C8-4EFC-8DB0-45ACE96FBB45}.Release|Any CPU.Build.0 = Release|Any CPU
	EndGlobalSection
	GlobalSection(SolutionProperties) = preSolution
		HideSolutionNode = FALSE
	EndGlobalSection
	GlobalSection(ExtensibilityGlobals) = postSolution
		SolutionGuid = {E51CE63E-6C49-46BA-BE30-A03D521E4A55}
	EndGlobalSection
EndGlobal
